
Microsoft Visual Studio Solution File, Format Version 12.00
# Visual Studio Version 17
VisualStudioVersion = 17.14.36511.14 d17.14
MinimumVisualStudioVersion = 10.0.40219.1
Project("{FAE04EC0-301F-11D3-BF4B-00C04F79EFBC}") = "Week2Practical", "Week2Practical\Week2Practical.csproj", "{FEB8F7A6-34F1-40CE-A86C-927D1C047CA4}"
EndProject
Global
	GlobalSection(SolutionConfigurationPlatforms) = preSolution
		Debug|Any CPU = Debug|Any CPU
		Release|Any CPU = Release|Any CPU
	EndGlobalSection
	GlobalSection(ProjectConfigurationPlatforms) = postSolution
		{FEB8F7A6-34F1-40CE-A86C-927D1C047CA4}.Debug|Any CPU.ActiveCfg = Debug|Any CPU
		{FEB8F7A6-34F1-40CE-A86C-927D1C047CA4}.Debug|Any CPU.Build.0 = Debug|Any CPU
		{FEB8F7A6-34F1-40CE-A86C-927D1C047CA4}.Release|Any CPU.ActiveCfg = Release|Any CPU
		{FEB8F7A6-34F1-40CE-A86C-927D1C047CA4}.Release|Any CPU.Build.0 = Release|Any CPU
	EndGlobalSection
	GlobalSection(SolutionProperties) = preSolution
		HideSolutionNode = FALSE
	EndGlobalSection
	GlobalSection(ExtensibilityGlobals) = postSolution
		SolutionGuid = {44DE768C-71CE-4363-BDD0-3518769089BB}
	EndGlobalSection
EndGlobal
